
Microsoft Visual Studio Solution File, Format Version 12.00
# Visual Studio Version 16
VisualStudioVersion = 16.0.30804.86
MinimumVisualStudioVersion = 10.0.40219.1
Project("{FAE04EC0-301F-11D3-BF4B-00C04F79EFBC}") = "Calculator_MVVM", "Calculator_MVVM.csproj", "{9D49B349-53C0-446F-94FC-BB900292FABD}"
EndProject
Global
	GlobalSection(SolutionConfigurationPlatforms) = preSolution
		Debug|Any CPU = Debug|Any CPU
		Release|Any CPU = Release|Any CPU
	EndGlobalSection
	GlobalSection(ProjectConfigurationPlatforms) = postSolution
		{9D49B349-53C0-446F-94FC-BB900292FABD}.Debug|Any CPU.ActiveCfg = Debug|Any CPU
		{9D49B349-53C0-446F-94FC-BB900292FABD}.Debug|Any CPU.Build.0 = Debug|Any CPU
		{9D49B349-53C0-446F-94FC-BB900292FABD}.Release|Any CPU.ActiveCfg = Release|Any CPU
		{9D49B349-53C0-446F-94FC-BB900292FABD}.Release|Any CPU.Build.0 = Release|Any CPU
	EndGlobalSection
	GlobalSection(SolutionProperties) = preSolution
		HideSolutionNode = FALSE
	EndGlobalSection
	GlobalSection(ExtensibilityGlobals) = postSolution
		SolutionGuid = {FE8F1912-CD5B-4255-ABD8-A4DED731075B}
	EndGlobalSection
EndGlobal
